{
  "requires": true,
  "lockfileVersion": 1,
  "dependencies": {
    "modern-screenshot": {
      "version": "4.4.37",
      "resolved": "https://registry.npmjs.org/modern-screenshot/-/modern-screenshot-4.4.37.tgz",
      "integrity": "sha512-D4u8dndnFRe4OyWDiUj/N0BNtViqQrdVkj0YSBM9aV7uqZegnIKVUNYN0l7AbXj9iKS5AubAap2/HctB+Lg5kg=="
    }
  }
}
